
Microsoft Visual Studio Solution File, Format Version 12.00
# Visual Studio Version 17
VisualStudioVersion = 17.5.33516.290
MinimumVisualStudioVersion = 10.0.40219.1
Project("{9A19103F-16F7-4668-BE54-9A1E7A4F7556}") = "Speech.Hangfire.WebAPI", "Speech.Hangfire.WebAPI\Speech.Hangfire.WebAPI.csproj", "{AC051620-9287-45D0-BC94-D3FFD7468EF5}"
EndProject
Project("{9A19103F-16F7-4668-BE54-9A1E7A4F7556}") = "Speech.Hangfire.ServerConsole", "Speech.Hangfire.ServerConsole\Speech.Hangfire.ServerConsole.csproj", "{7465E4B0-80EC-4022-9DA4-EFA7A4089D33}"
EndProject
Project("{9A19103F-16F7-4668-BE54-9A1E7A4F7556}") = "Speech.Hangfire.Business", "Speech.Hangfire.Business\Speech.Hangfire.Business.csproj", "{7103DE56-0112-47C8-BAF8-6C15B74DE632}"
EndProject
Global
	GlobalSection(SolutionConfigurationPlatforms) = preSolution
		Debug|Any CPU = Debug|Any CPU
		Release|Any CPU = Release|Any CPU
	EndGlobalSection
	GlobalSection(ProjectConfigurationPlatforms) = postSolution
		{AC051620-9287-45D0-BC94-D3FFD7468EF5}.Debug|Any CPU.ActiveCfg = Debug|Any CPU
		{AC051620-9287-45D0-BC94-D3FFD7468EF5}.Debug|Any CPU.Build.0 = Debug|Any CPU
		{AC051620-9287-45D0-BC94-D3FFD7468EF5}.Release|Any CPU.ActiveCfg = Release|Any CPU
		{AC051620-9287-45D0-BC94-D3FFD7468EF5}.Release|Any CPU.Build.0 = Release|Any CPU
		{7465E4B0-80EC-4022-9DA4-EFA7A4089D33}.Debug|Any CPU.ActiveCfg = Debug|Any CPU
		{7465E4B0-80EC-4022-9DA4-EFA7A4089D33}.Debug|Any CPU.Build.0 = Debug|Any CPU
		{7465E4B0-80EC-4022-9DA4-EFA7A4089D33}.Release|Any CPU.ActiveCfg = Release|Any CPU
		{7465E4B0-80EC-4022-9DA4-EFA7A4089D33}.Release|Any CPU.Build.0 = Release|Any CPU
		{7103DE56-0112-47C8-BAF8-6C15B74DE632}.Debug|Any CPU.ActiveCfg = Debug|Any CPU
		{7103DE56-0112-47C8-BAF8-6C15B74DE632}.Debug|Any CPU.Build.0 = Debug|Any CPU
		{7103DE56-0112-47C8-BAF8-6C15B74DE632}.Release|Any CPU.ActiveCfg = Release|Any CPU
		{7103DE56-0112-47C8-BAF8-6C15B74DE632}.Release|Any CPU.Build.0 = Release|Any CPU
	EndGlobalSection
	GlobalSection(SolutionProperties) = preSolution
		HideSolutionNode = FALSE
	EndGlobalSection
	GlobalSection(ExtensibilityGlobals) = postSolution
		SolutionGuid = {C698C3C4-A8F5-43DC-99D1-E9D741C3B4FC}
	EndGlobalSection
EndGlobal
